
Microsoft Visual Studio Solution File, Format Version 12.00
# Visual Studio Version 16
VisualStudioVersion = 16.0.29424.173
MinimumVisualStudioVersion = 10.0.40219.1
Project("{9A19103F-16F7-4668-BE54-9A1E7A4F7556}") = "Customers", "Customers\Customers.csproj", "{78226EA8-32F2-400C-83E0-DA9811DD8A98}"
EndProject
Global
	GlobalSection(SolutionConfigurationPlatforms) = preSolution
		Debug|Any CPU = Debug|Any CPU
		Release|Any CPU = Release|Any CPU
	EndGlobalSection
	GlobalSection(ProjectConfigurationPlatforms) = postSolution
		{78226EA8-32F2-400C-83E0-DA9811DD8A98}.Debug|Any CPU.ActiveCfg = Debug|Any CPU
		{78226EA8-32F2-400C-83E0-DA9811DD8A98}.Debug|Any CPU.Build.0 = Debug|Any CPU
		{78226EA8-32F2-400C-83E0-DA9811DD8A98}.Release|Any CPU.ActiveCfg = Release|Any CPU
		{78226EA8-32F2-400C-83E0-DA9811DD8A98}.Release|Any CPU.Build.0 = Release|Any CPU
	EndGlobalSection
	GlobalSection(SolutionProperties) = preSolution
		HideSolutionNode = FALSE
	EndGlobalSection
	GlobalSection(ExtensibilityGlobals) = postSolution
		SolutionGuid = {D1B88960-7559-4C4A-82E8-C312C7C7F1F6}
	EndGlobalSection
EndGlobal
